{
  "lockfileVersion": 1,
  "workspaces": {
    "": {
      "name": "qweribot",
      "dependencies": {
        "@twurple/auth": "^7.3.0",
        "@twurple/eventsub-ws": "^7.3.0",
        "pocketbase": "^0.26.1",
      },
      "devDependencies": {
        "@types/bun": "latest",
      },
      "peerDependencies": {
        "typescript": "^5.8.3",
      },
    },
  },
  "packages": {
    "@d-fischer/cache-decorators": ["@d-fischer/cache-decorators@4.0.1", "", { "dependencies": { "@d-fischer/shared-utils": "^3.6.3", "tslib": "^2.6.2" } }, "sha512-HNYLBLWs/t28GFZZeqdIBqq8f37mqDIFO6xNPof94VjpKvuP6ROqCZGafx88dk5zZUlBfViV9jD8iNNlXfc4CA=="],

    "@d-fischer/connection": ["@d-fischer/connection@9.0.0", "", { "dependencies": { "@d-fischer/isomorphic-ws": "^7.0.0", "@d-fischer/logger": "^4.2.1", "@d-fischer/shared-utils": "^3.5.0", "@d-fischer/typed-event-emitter": "^3.3.0", "@types/ws": "^8.5.4", "tslib": "^2.4.1", "ws": "^8.11.0" } }, "sha512-Mljp/EbaE+eYWfsFXUOk+RfpbHgrWGL/60JkAvjYixw6KREfi5r17XdUiXe54ByAQox6jwgdN2vebdmW1BT+nQ=="],

    "@d-fischer/cross-fetch": ["@d-fischer/cross-fetch@5.0.5", "", { "dependencies": { "node-fetch": "^2.6.12" } }, "sha512-symjDUPInTrkfIsZc2n2mo9hiAJLcTJsZkNICjZajEWnWpJ3s3zn50/FY8xpNUAf5w3eFuQii2wxztTGpvG1Xg=="],

    "@d-fischer/detect-node": ["@d-fischer/detect-node@3.0.1", "", {}, "sha512-0Rf3XwTzuTh8+oPZW9SfxTIiL+26RRJ0BRPwj5oVjZFyFKmsj9RGfN2zuTRjOuA3FCK/jYm06HOhwNK+8Pfv8w=="],

    "@d-fischer/isomorphic-ws": ["@d-fischer/isomorphic-ws@7.0.2", "", { "peerDependencies": { "ws": "^8.2.0" } }, "sha512-xK+qIJUF0ne3dsjq5Y3BviQ4M+gx9dzkN+dPP7abBMje4YRfow+X9jBgeEoTe5e+Q6+8hI9R0b37Okkk8Vf0hQ=="],

    "@d-fischer/logger": ["@d-fischer/logger@4.2.3", "", { "dependencies": { "@d-fischer/detect-node": "^3.0.1", "@d-fischer/shared-utils": "^3.2.0", "tslib": "^2.0.3" } }, "sha512-mJUx9OgjrNVLQa4od/+bqnmD164VTCKnK5B4WOW8TX5y/3w2i58p+PMRE45gUuFjk2BVtOZUg55JQM3d619fdw=="],

    "@d-fischer/qs": ["@d-fischer/qs@7.0.2", "", {}, "sha512-yAu3xDooiL+ef84Jo8nLjDjWBRk7RXk163Y6aTvRB7FauYd3spQD/dWvgT7R4CrN54Juhrrc3dMY7mc+jZGurQ=="],

    "@d-fischer/rate-limiter": ["@d-fischer/rate-limiter@1.1.0", "", { "dependencies": { "@d-fischer/logger": "^4.2.3", "@d-fischer/shared-utils": "^3.6.3", "tslib": "^2.6.2" } }, "sha512-O5HgACwApyCZhp4JTEBEtbv/W3eAwEkrARFvgWnEsDmXgCMWjIHwohWoHre5BW6IYXFSHBGsuZB/EvNL3942kQ=="],

    "@d-fischer/shared-utils": ["@d-fischer/shared-utils@3.6.4", "", { "dependencies": { "tslib": "^2.4.1" } }, "sha512-BPkVLHfn2Lbyo/ENDBwtEB8JVQ+9OzkjJhUunLaxkw4k59YFlQxUUwlDBejVSFcpQT0t+D3CQlX+ySZnQj0wxw=="],

    "@d-fischer/typed-event-emitter": ["@d-fischer/typed-event-emitter@3.3.3", "", { "dependencies": { "tslib": "^2.4.0" } }, "sha512-OvSEOa8icfdWDqcRtjSEZtgJTFOFNgTjje7zaL0+nAtu2/kZtRCSK5wUMrI/aXtCH8o0Qz2vA8UqkhWUTARFQQ=="],

    "@twurple/api": ["@twurple/api@7.3.0", "", { "dependencies": { "@d-fischer/cache-decorators": "^4.0.0", "@d-fischer/cross-fetch": "^5.0.1", "@d-fischer/detect-node": "^3.0.1", "@d-fischer/logger": "^4.2.1", "@d-fischer/rate-limiter": "^1.1.0", "@d-fischer/shared-utils": "^3.6.1", "@d-fischer/typed-event-emitter": "^3.3.1", "@twurple/api-call": "7.3.0", "@twurple/common": "7.3.0", "retry": "^0.13.1", "tslib": "^2.0.3" }, "peerDependencies": { "@twurple/auth": "7.3.0" } }, "sha512-QtaVgYi50E3AB/Nxivjou/u6w1cuQ6g4R8lzQawYDaQNtlP2Ue8vvYuSp2PfxSpe8vNiKhgV8hZAs+j4V29sxQ=="],

    "@twurple/api-call": ["@twurple/api-call@7.3.0", "", { "dependencies": { "@d-fischer/cross-fetch": "^5.0.1", "@d-fischer/qs": "^7.0.2", "@d-fischer/shared-utils": "^3.6.1", "@twurple/common": "7.3.0", "tslib": "^2.0.3" } }, "sha512-nx389kXjVphAeR3RfnzkRRf7Qa45wqHla067/mr3YxnUICCg4YOFv0Jb5UohQGHkj5h18mDZ3iUu/x2J49c1lA=="],

    "@twurple/auth": ["@twurple/auth@7.3.0", "", { "dependencies": { "@d-fischer/logger": "^4.2.1", "@d-fischer/shared-utils": "^3.6.1", "@d-fischer/typed-event-emitter": "^3.3.1", "@twurple/api-call": "7.3.0", "@twurple/common": "7.3.0", "tslib": "^2.0.3" } }, "sha512-K68nFbQswfaEVCWP2MEPcxhHRR/N8kIHBP6AnRXzgSpmvWxhjOitz9oyP04di5DI1rJE+2NRauv1qFDyYia/qg=="],

    "@twurple/common": ["@twurple/common@7.3.0", "", { "dependencies": { "@d-fischer/shared-utils": "^3.6.1", "klona": "^2.0.4", "tslib": "^2.0.3" } }, "sha512-BGNniY7PBIohxfpRQ1bsOxUaktZcXZOExq8ojCtnsNBVDlchNEX2fYsere03ZwTLd48XBtxsdaUaeQXbx1aXLw=="],

    "@twurple/eventsub-base": ["@twurple/eventsub-base@7.3.0", "", { "dependencies": { "@d-fischer/logger": "^4.2.1", "@d-fischer/shared-utils": "^3.6.1", "@d-fischer/typed-event-emitter": "^3.3.0", "@twurple/api": "7.3.0", "@twurple/auth": "7.3.0", "@twurple/common": "7.3.0", "tslib": "^2.0.3" } }, "sha512-Wc/3qpyFfyvjabk/tQJVjAke+ixp5QWUT7LsuU+kMcCf46jsRQMB3InoXsZMRgX5sD1frBZzxUEJ7ujhxb8Ngw=="],

    "@twurple/eventsub-ws": ["@twurple/eventsub-ws@7.3.0", "", { "dependencies": { "@d-fischer/connection": "^9.0.0", "@d-fischer/logger": "^4.2.1", "@d-fischer/shared-utils": "^3.6.1", "@d-fischer/typed-event-emitter": "^3.3.0", "@twurple/auth": "7.3.0", "@twurple/common": "7.3.0", "@twurple/eventsub-base": "7.3.0", "tslib": "^2.0.3" }, "peerDependencies": { "@twurple/api": "7.3.0" } }, "sha512-jtIMdW/atTrn5Eo3XGS8Lw0EIsK3GQsZGJDLYRwqw2bCV8ZnQoZ8YaXUJb5Wd+gebUfeBr4j7mvZlGc+Wkp17w=="],

    "@types/bun": ["@types/bun@1.2.17", "", { "dependencies": { "bun-types": "1.2.17" } }, "sha512-l/BYs/JYt+cXA/0+wUhulYJB6a6p//GTPiJ7nV+QHa8iiId4HZmnu/3J/SowP5g0rTiERY2kfGKXEK5Ehltx4Q=="],

    "@types/node": ["@types/node@22.15.18", "", { "dependencies": { "undici-types": "~6.21.0" } }, "sha512-v1DKRfUdyW+jJhZNEI1PYy29S2YRxMV5AOO/x/SjKmW0acCIOqmbj6Haf9eHAhsPmrhlHSxEhv/1WszcLWV4cg=="],

    "@types/ws": ["@types/ws@8.18.1", "", { "dependencies": { "@types/node": "*" } }, "sha512-ThVF6DCVhA8kUGy+aazFQ4kXQ7E1Ty7A3ypFOe0IcJV8O/M511G99AW24irKrW56Wt44yG9+ij8FaqoBGkuBXg=="],

    "bun-types": ["bun-types@1.2.17", "", { "dependencies": { "@types/node": "*" } }, "sha512-ElC7ItwT3SCQwYZDYoAH+q6KT4Fxjl8DtZ6qDulUFBmXA8YB4xo+l54J9ZJN+k2pphfn9vk7kfubeSd5QfTVJQ=="],

    "klona": ["klona@2.0.6", "", {}, "sha512-dhG34DXATL5hSxJbIexCft8FChFXtmskoZYnoPWjXQuebWYCNkVeV3KkGegCK9CP1oswI/vQibS2GY7Em/sJJA=="],

    "node-fetch": ["node-fetch@2.7.0", "", { "dependencies": { "whatwg-url": "^5.0.0" }, "peerDependencies": { "encoding": "^0.1.0" }, "optionalPeers": ["encoding"] }, "sha512-c4FRfUm/dbcWZ7U+1Wq0AwCyFL+3nt2bEw05wfxSz+DWpWsitgmSgYmy2dQdWyKC1694ELPqMs/YzUSNozLt8A=="],

    "pocketbase": ["pocketbase@0.26.1", "", {}, "sha512-fjcPDpxyqTZCwqGUTPUV7vssIsNMqHxk9GxbhxYHPEf18RqX2d9cpSqbbHk7aas30jqkgptuKfG7aY/Mytjj3g=="],

    "retry": ["retry@0.13.1", "", {}, "sha512-XQBQ3I8W1Cge0Seh+6gjj03LbmRFWuoszgK9ooCpwYIrhhoO80pfq4cUkU5DkknwfOfFteRwlZ56PYOGYyFWdg=="],

    "tr46": ["tr46@0.0.3", "", {}, "sha512-N3WMsuqV66lT30CrXNbEjx4GEwlow3v6rr4mCcv6prnfwhS01rkgyFdjPNBYd9br7LpXV1+Emh01fHnq2Gdgrw=="],

    "tslib": ["tslib@2.8.1", "", {}, "sha512-oJFu94HQb+KVduSUQL7wnpmqnfmLsOA/nAh6b6EH0wCEoK0/mPeXU6c3wKDV83MkOuHPRHtSXKKU99IBazS/2w=="],

    "typescript": ["typescript@5.8.3", "", { "bin": { "tsc": "bin/tsc", "tsserver": "bin/tsserver" } }, "sha512-p1diW6TqL9L07nNxvRMM7hMMw4c5XOo/1ibL4aAIGmSAt9slTE1Xgw5KWuof2uTOvCg9BY7ZRi+GaF+7sfgPeQ=="],

    "undici-types": ["undici-types@6.21.0", "", {}, "sha512-iwDZqg0QAGrg9Rav5H4n0M64c3mkR59cJ6wQp+7C4nI0gsmExaedaYLNO44eT4AtBBwjbTiGPMlt2Md0T9H9JQ=="],

    "webidl-conversions": ["webidl-conversions@3.0.1", "", {}, "sha512-2JAn3z8AR6rjK8Sm8orRC0h/bcl/DqL7tRPdGZ4I1CjdF+EaMLmYxBHyXuKL849eucPFhvBoxMsflfOb8kxaeQ=="],

    "whatwg-url": ["whatwg-url@5.0.0", "", { "dependencies": { "tr46": "~0.0.3", "webidl-conversions": "^3.0.0" } }, "sha512-saE57nupxk6v3HY35+jzBwYa0rKSy0XR8JSxZPwgLr7ys0IBzhGviA1/TUGJLmSVqs8pb9AnvICXEuOHLprYTw=="],

    "ws": ["ws@8.18.3", "", { "peerDependencies": { "bufferutil": "^4.0.1", "utf-8-validate": ">=5.0.2" }, "optionalPeers": ["bufferutil", "utf-8-validate"] }, "sha512-PEIGCY5tSlUt50cqyMXfCzX+oOPqN0vuGqWzbcJ2xvnkzkq46oOpz7dQaTDBdfICb4N14+GARUDw2XV2N4tvzg=="],
  }
}
